
Microsoft Visual Studio Solution File, Format Version 12.00
# Visual Studio Version 17
VisualStudioVersion = 17.3.32901.215
MinimumVisualStudioVersion = 10.0.40219.1
Project("{FAE04EC0-301F-11D3-BF4B-00C04F79EFBC}") = "lab5-MARH-1077822", "lab5-MARH-1077822.csproj", "{4D31296B-E5C7-4903-AEBA-6C87311C7603}"
EndProject
Global
	GlobalSection(SolutionConfigurationPlatforms) = preSolution
		Debug|Any CPU = Debug|Any CPU
		Release|Any CPU = Release|Any CPU
	EndGlobalSection
	GlobalSection(ProjectConfigurationPlatforms) = postSolution
		{4D31296B-E5C7-4903-AEBA-6C87311C7603}.Debug|Any CPU.ActiveCfg = Debug|Any CPU
		{4D31296B-E5C7-4903-AEBA-6C87311C7603}.Debug|Any CPU.Build.0 = Debug|Any CPU
		{4D31296B-E5C7-4903-AEBA-6C87311C7603}.Release|Any CPU.ActiveCfg = Release|Any CPU
		{4D31296B-E5C7-4903-AEBA-6C87311C7603}.Release|Any CPU.Build.0 = Release|Any CPU
	EndGlobalSection
	GlobalSection(SolutionProperties) = preSolution
		HideSolutionNode = FALSE
	EndGlobalSection
	GlobalSection(ExtensibilityGlobals) = postSolution
		SolutionGuid = {137F7354-7572-4796-BD21-936E54A461CC}
	EndGlobalSection
EndGlobal
